
Microsoft Visual Studio Solution File, Format Version 12.00
# Visual Studio 15
VisualStudioVersion = 15.0.28307.645
MinimumVisualStudioVersion = 10.0.40219.1
Project("{FAE04EC0-301F-11D3-BF4B-00C04F79EFBC}") = "Console", "Console\Console.csproj", "{C836D6AD-2A48-4FFF-A958-023C48A65478}"
	ProjectSection(ProjectDependencies) = postProject
		{A7EFFB71-0EE7-413C-85C8-5C74C8D4CDB0} = {A7EFFB71-0EE7-413C-85C8-5C74C8D4CDB0}
	EndProjectSection
EndProject
Project("{FAE04EC0-301F-11D3-BF4B-00C04F79EFBC}") = "Backend", "Backend\Backend.csproj", "{45C7B613-E32D-43E8-8030-932D509602EB}"
EndProject
Project("{FAE04EC0-301F-11D3-BF4B-00C04F79EFBC}") = "Test", "Test\Test.csproj", "{A7EFFB71-0EE7-413C-85C8-5C74C8D4CDB0}"
EndProject
Project("{FAE04EC0-301F-11D3-BF4B-00C04F79EFBC}") = "MetadataHelper", "cci\CoreObjectModel\MetadataHelper\MetadataHelper.csproj", "{4A34A3C5-6176-49D7-A4C5-B2B671247F8F}"
EndProject
Project("{2150E333-8FDC-42A3-9474-1A3956D46DE8}") = "Cci", "Cci", "{28D56DC3-7AEA-477F-BC46-3BA3E4C241E6}"
EndProject
Project("{FAE04EC0-301F-11D3-BF4B-00C04F79EFBC}") = "MetadataModel", "cci\CoreObjectModel\MetadataModel\MetadataModel.csproj", "{33CAB640-0D03-43DF-81BD-22CDC6C0A597}"
EndProject
Project("{FAE04EC0-301F-11D3-BF4B-00C04F79EFBC}") = "PdbReader", "cci\PDBReaderAndWriter\PdbReader\PdbReader.csproj", "{A6A31B03-7C3D-4DE6-AA73-BE88116BC40A}"
EndProject
Project("{FAE04EC0-301F-11D3-BF4B-00C04F79EFBC}") = "PeReader", "cci\PEReaderAndWriter\PEReader\PeReader.csproj", "{34B9A0CE-DF18-4CBC-8F7A-90C2B74338D5}"
EndProject
Project("{FAE04EC0-301F-11D3-BF4B-00C04F79EFBC}") = "SourceModel", "cci\CoreObjectModel\SourceModel\SourceModel.csproj", "{4B0054FD-124A-4037-9965-BDB55E6BF389}"
EndProject
Global
	GlobalSection(SolutionConfigurationPlatforms) = preSolution
		Debug|Any CPU = Debug|Any CPU
		Debug|Mixed Platforms = Debug|Mixed Platforms
		Debug|x86 = Debug|x86
		NightlyDebug|Any CPU = NightlyDebug|Any CPU
		NightlyDebug|Mixed Platforms = NightlyDebug|Mixed Platforms
		NightlyDebug|x86 = NightlyDebug|x86
		NightlyRelease|Any CPU = NightlyRelease|Any CPU
		NightlyRelease|Mixed Platforms = NightlyRelease|Mixed Platforms
		NightlyRelease|x86 = NightlyRelease|x86
		Release|Any CPU = Release|Any CPU
		Release|Mixed Platforms = Release|Mixed Platforms
		Release|x86 = Release|x86
	EndGlobalSection
	GlobalSection(ProjectConfigurationPlatforms) = postSolution
		{C836D6AD-2A48-4FFF-A958-023C48A65478}.Debug|Any CPU.ActiveCfg = Debug|Any CPU
		{C836D6AD-2A48-4FFF-A958-023C48A65478}.Debug|Any CPU.Build.0 = Debug|Any CPU
		{C836D6AD-2A48-4FFF-A958-023C48A65478}.Debug|Mixed Platforms.ActiveCfg = Debug|Any CPU
		{C836D6AD-2A48-4FFF-A958-023C48A65478}.Debug|Mixed Platforms.Build.0 = Debug|Any CPU
		{C836D6AD-2A48-4FFF-A958-023C48A65478}.Debug|x86.ActiveCfg = Debug|Any CPU
		{C836D6AD-2A48-4FFF-A958-023C48A65478}.NightlyDebug|Any CPU.ActiveCfg = Debug|Any CPU
		{C836D6AD-2A48-4FFF-A958-023C48A65478}.NightlyDebug|Any CPU.Build.0 = Debug|Any CPU
		{C836D6AD-2A48-4FFF-A958-023C48A65478}.NightlyDebug|Mixed Platforms.ActiveCfg = Debug|Any CPU
		{C836D6AD-2A48-4FFF-A958-023C48A65478}.NightlyDebug|Mixed Platforms.Build.0 = Debug|Any CPU
		{C836D6AD-2A48-4FFF-A958-023C48A65478}.NightlyDebug|x86.ActiveCfg = Debug|Any CPU
		{C836D6AD-2A48-4FFF-A958-023C48A65478}.NightlyDebug|x86.Build.0 = Debug|Any CPU
		{C836D6AD-2A48-4FFF-A958-023C48A65478}.NightlyRelease|Any CPU.ActiveCfg = Release|Any CPU
		{C836D6AD-2A48-4FFF-A958-023C48A65478}.NightlyRelease|Any CPU.Build.0 = Release|Any CPU
		{C836D6AD-2A48-4FFF-A958-023C48A65478}.NightlyRelease|Mixed Platforms.ActiveCfg = Release|Any CPU
		{C836D6AD-2A48-4FFF-A958-023C48A65478}.NightlyRelease|Mixed Platforms.Build.0 = Release|Any CPU
		{C836D6AD-2A48-4FFF-A958-023C48A65478}.NightlyRelease|x86.ActiveCfg = Release|Any CPU
		{C836D6AD-2A48-4FFF-A958-023C48A65478}.NightlyRelease|x86.Build.0 = Release|Any CPU
		{C836D6AD-2A48-4FFF-A958-023C48A65478}.Release|Any CPU.ActiveCfg = Release|Any CPU
		{C836D6AD-2A48-4FFF-A958-023C48A65478}.Release|Any CPU.Build.0 = Release|Any CPU
		{C836D6AD-2A48-4FFF-A958-023C48A65478}.Release|Mixed Platforms.ActiveCfg = Release|Any CPU
		{C836D6AD-2A48-4FFF-A958-023C48A65478}.Release|Mixed Platforms.Build.0 = Release|Any CPU
		{C836D6AD-2A48-4FFF-A958-023C48A65478}.Release|x86.ActiveCfg = Release|Any CPU
		{45C7B613-E32D-43E8-8030-932D509602EB}.Debug|Any CPU.ActiveCfg = Debug|Any CPU
		{45C7B613-E32D-43E8-8030-932D509602EB}.Debug|Any CPU.Build.0 = Debug|Any CPU
		{45C7B613-E32D-43E8-8030-932D509602EB}.Debug|Mixed Platforms.ActiveCfg = Debug|Any CPU
		{45C7B613-E32D-43E8-8030-932D509602EB}.Debug|Mixed Platforms.Build.0 = Debug|Any CPU
		{45C7B613-E32D-43E8-8030-932D509602EB}.Debug|x86.ActiveCfg = Debug|Any CPU
		{45C7B613-E32D-43E8-8030-932D509602EB}.NightlyDebug|Any CPU.ActiveCfg = Debug|Any CPU
		{45C7B613-E32D-43E8-8030-932D509602EB}.NightlyDebug|Any CPU.Build.0 = Debug|Any CPU
		{45C7B613-E32D-43E8-8030-932D509602EB}.NightlyDebug|Mixed Platforms.ActiveCfg = Debug|Any CPU
		{45C7B613-E32D-43E8-8030-932D509602EB}.NightlyDebug|Mixed Platforms.Build.0 = Debug|Any CPU
		{45C7B613-E32D-43E8-8030-932D509602EB}.NightlyDebug|x86.ActiveCfg = Debug|Any CPU
		{45C7B613-E32D-43E8-8030-932D509602EB}.NightlyDebug|x86.Build.0 = Debug|Any CPU
		{45C7B613-E32D-43E8-8030-932D509602EB}.NightlyRelease|Any CPU.ActiveCfg = Release|Any CPU
		{45C7B613-E32D-43E8-8030-932D509602EB}.NightlyRelease|Any CPU.Build.0 = Release|Any CPU
		{45C7B613-E32D-43E8-8030-932D509602EB}.NightlyRelease|Mixed Platforms.ActiveCfg = Release|Any CPU
		{45C7B613-E32D-43E8-8030-932D509602EB}.NightlyRelease|Mixed Platforms.Build.0 = Release|Any CPU
		{45C7B613-E32D-43E8-8030-932D509602EB}.NightlyRelease|x86.ActiveCfg = Release|Any CPU
		{45C7B613-E32D-43E8-8030-932D509602EB}.NightlyRelease|x86.Build.0 = Release|Any CPU
		{45C7B613-E32D-43E8-8030-932D509602EB}.Release|Any CPU.ActiveCfg = Release|Any CPU
		{45C7B613-E32D-43E8-8030-932D509602EB}.Release|Any CPU.Build.0 = Release|Any CPU
		{45C7B613-E32D-43E8-8030-932D509602EB}.Release|Mixed Platforms.ActiveCfg = Release|Any CPU
		{45C7B613-E32D-43E8-8030-932D509602EB}.Release|Mixed Platforms.Build.0 = Release|Any CPU
		{45C7B613-E32D-43E8-8030-932D509602EB}.Release|x86.ActiveCfg = Release|Any CPU
		{A7EFFB71-0EE7-413C-85C8-5C74C8D4CDB0}.Debug|Any CPU.ActiveCfg = Debug|Any CPU
		{A7EFFB71-0EE7-413C-85C8-5C74C8D4CDB0}.Debug|Any CPU.Build.0 = Debug|Any CPU
		{A7EFFB71-0EE7-413C-85C8-5C74C8D4CDB0}.Debug|Mixed Platforms.ActiveCfg = Debug|Any CPU
		{A7EFFB71-0EE7-413C-85C8-5C74C8D4CDB0}.Debug|Mixed Platforms.Build.0 = Debug|Any CPU
		{A7EFFB71-0EE7-413C-85C8-5C74C8D4CDB0}.Debug|x86.ActiveCfg = Debug|Any CPU
		{A7EFFB71-0EE7-413C-85C8-5C74C8D4CDB0}.NightlyDebug|Any CPU.ActiveCfg = Debug|Any CPU
		{A7EFFB71-0EE7-413C-85C8-5C74C8D4CDB0}.NightlyDebug|Any CPU.Build.0 = Debug|Any CPU
		{A7EFFB71-0EE7-413C-85C8-5C74C8D4CDB0}.NightlyDebug|Mixed Platforms.ActiveCfg = Debug|Any CPU
		{A7EFFB71-0EE7-413C-85C8-5C74C8D4CDB0}.NightlyDebug|Mixed Platforms.Build.0 = Debug|Any CPU
		{A7EFFB71-0EE7-413C-85C8-5C74C8D4CDB0}.NightlyDebug|x86.ActiveCfg = Debug|Any CPU
		{A7EFFB71-0EE7-413C-85C8-5C74C8D4CDB0}.NightlyDebug|x86.Build.0 = Debug|Any CPU
		{A7EFFB71-0EE7-413C-85C8-5C74C8D4CDB0}.NightlyRelease|Any CPU.ActiveCfg = Release|Any CPU
		{A7EFFB71-0EE7-413C-85C8-5C74C8D4CDB0}.NightlyRelease|Any CPU.Build.0 = Release|Any CPU
		{A7EFFB71-0EE7-413C-85C8-5C74C8D4CDB0}.NightlyRelease|Mixed Platforms.ActiveCfg = Release|Any CPU
		{A7EFFB71-0EE7-413C-85C8-5C74C8D4CDB0}.NightlyRelease|Mixed Platforms.Build.0 = Release|Any CPU
		{A7EFFB71-0EE7-413C-85C8-5C74C8D4CDB0}.NightlyRelease|x86.ActiveCfg = Release|Any CPU
		{A7EFFB71-0EE7-413C-85C8-5C74C8D4CDB0}.NightlyRelease|x86.Build.0 = Release|Any CPU
		{A7EFFB71-0EE7-413C-85C8-5C74C8D4CDB0}.Release|Any CPU.ActiveCfg = Release|Any CPU
		{A7EFFB71-0EE7-413C-85C8-5C74C8D4CDB0}.Release|Any CPU.Build.0 = Release|Any CPU
		{A7EFFB71-0EE7-413C-85C8-5C74C8D4CDB0}.Release|Mixed Platforms.ActiveCfg = Release|Any CPU
		{A7EFFB71-0EE7-413C-85C8-5C74C8D4CDB0}.Release|Mixed Platforms.Build.0 = Release|Any CPU
		{A7EFFB71-0EE7-413C-85C8-5C74C8D4CDB0}.Release|x86.ActiveCfg = Release|Any CPU
		{4A34A3C5-6176-49D7-A4C5-B2B671247F8F}.Debug|Any CPU.ActiveCfg = Debug|Any CPU
		{4A34A3C5-6176-49D7-A4C5-B2B671247F8F}.Debug|Any CPU.Build.0 = Debug|Any CPU
		{4A34A3C5-6176-49D7-A4C5-B2B671247F8F}.Debug|Mixed Platforms.ActiveCfg = Debug|Any CPU
		{4A34A3C5-6176-49D7-A4C5-B2B671247F8F}.Debug|Mixed Platforms.Build.0 = Debug|Any CPU
		{4A34A3C5-6176-49D7-A4C5-B2B671247F8F}.Debug|x86.ActiveCfg = Debug|Any CPU
		{4A34A3C5-6176-49D7-A4C5-B2B671247F8F}.Debug|x86.Build.0 = Debug|Any CPU
		{4A34A3C5-6176-49D7-A4C5-B2B671247F8F}.NightlyDebug|Any CPU.ActiveCfg = Debug|Any CPU
		{4A34A3C5-6176-49D7-A4C5-B2B671247F8F}.NightlyDebug|Any CPU.Build.0 = Debug|Any CPU
		{4A34A3C5-6176-49D7-A4C5-B2B671247F8F}.NightlyDebug|Mixed Platforms.ActiveCfg = Debug|Any CPU
		{4A34A3C5-6176-49D7-A4C5-B2B671247F8F}.NightlyDebug|Mixed Platforms.Build.0 = Debug|Any CPU
		{4A34A3C5-6176-49D7-A4C5-B2B671247F8F}.NightlyDebug|x86.ActiveCfg = Debug|Any CPU
		{4A34A3C5-6176-49D7-A4C5-B2B671247F8F}.NightlyDebug|x86.Build.0 = Debug|Any CPU
		{4A34A3C5-6176-49D7-A4C5-B2B671247F8F}.NightlyRelease|Any CPU.ActiveCfg = Release|Any CPU
		{4A34A3C5-6176-49D7-A4C5-B2B671247F8F}.NightlyRelease|Any CPU.Build.0 = Release|Any CPU
		{4A34A3C5-6176-49D7-A4C5-B2B671247F8F}.NightlyRelease|Mixed Platforms.ActiveCfg = Release|Any CPU
		{4A34A3C5-6176-49D7-A4C5-B2B671247F8F}.NightlyRelease|Mixed Platforms.Build.0 = Release|Any CPU
		{4A34A3C5-6176-49D7-A4C5-B2B671247F8F}.NightlyRelease|x86.ActiveCfg = Release|Any CPU
		{4A34A3C5-6176-49D7-A4C5-B2B671247F8F}.NightlyRelease|x86.Build.0 = Release|Any CPU
		{4A34A3C5-6176-49D7-A4C5-B2B671247F8F}.Release|Any CPU.ActiveCfg = Release|Any CPU
		{4A34A3C5-6176-49D7-A4C5-B2B671247F8F}.Release|Any CPU.Build.0 = Release|Any CPU
		{4A34A3C5-6176-49D7-A4C5-B2B671247F8F}.Release|Mixed Platforms.ActiveCfg = Release|Any CPU
		{4A34A3C5-6176-49D7-A4C5-B2B671247F8F}.Release|Mixed Platforms.Build.0 = Release|Any CPU
		{4A34A3C5-6176-49D7-A4C5-B2B671247F8F}.Release|x86.ActiveCfg = Release|Any CPU
		{4A34A3C5-6176-49D7-A4C5-B2B671247F8F}.Release|x86.Build.0 = Release|Any CPU
		{33CAB640-0D03-43DF-81BD-22CDC6C0A597}.Debug|Any CPU.ActiveCfg = Debug|Any CPU
		{33CAB640-0D03-43DF-81BD-22CDC6C0A597}.Debug|Any CPU.Build.0 = Debug|Any CPU
		{33CAB640-0D03-43DF-81BD-22CDC6C0A597}.Debug|Mixed Platforms.ActiveCfg = Debug|Any CPU
		{33CAB640-0D03-43DF-81BD-22CDC6C0A597}.Debug|Mixed Platforms.Build.0 = Debug|Any CPU
		{33CAB640-0D03-43DF-81BD-22CDC6C0A597}.Debug|x86.ActiveCfg = Debug|Any CPU
		{33CAB640-0D03-43DF-81BD-22CDC6C0A597}.Debug|x86.Build.0 = Debug|Any CPU
		{33CAB640-0D03-43DF-81BD-22CDC6C0A597}.NightlyDebug|Any CPU.ActiveCfg = Debug|Any CPU
		{33CAB640-0D03-43DF-81BD-22CDC6C0A597}.NightlyDebug|Any CPU.Build.0 = Debug|Any CPU
		{33CAB640-0D03-43DF-81BD-22CDC6C0A597}.NightlyDebug|Mixed Platforms.ActiveCfg = Debug|Any CPU
		{33CAB640-0D03-43DF-81BD-22CDC6C0A597}.NightlyDebug|Mixed Platforms.Build.0 = Debug|Any CPU
		{33CAB640-0D03-43DF-81BD-22CDC6C0A597}.NightlyDebug|x86.ActiveCfg = Debug|Any CPU
		{33CAB640-0D03-43DF-81BD-22CDC6C0A597}.NightlyDebug|x86.Build.0 = Debug|Any CPU
		{33CAB640-0D03-43DF-81BD-22CDC6C0A597}.NightlyRelease|Any CPU.ActiveCfg = Release|Any CPU
		{33CAB640-0D03-43DF-81BD-22CDC6C0A597}.NightlyRelease|Any CPU.Build.0 = Release|Any CPU
		{33CAB640-0D03-43DF-81BD-22CDC6C0A597}.NightlyRelease|Mixed Platforms.ActiveCfg = Release|Any CPU
		{33CAB640-0D03-43DF-81BD-22CDC6C0A597}.NightlyRelease|Mixed Platforms.Build.0 = Release|Any CPU
		{33CAB640-0D03-43DF-81BD-22CDC6C0A597}.NightlyRelease|x86.ActiveCfg = Release|Any CPU
		{33CAB640-0D03-43DF-81BD-22CDC6C0A597}.NightlyRelease|x86.Build.0 = Release|Any CPU
		{33CAB640-0D03-43DF-81BD-22CDC6C0A597}.Release|Any CPU.ActiveCfg = Release|Any CPU
		{33CAB640-0D03-43DF-81BD-22CDC6C0A597}.Release|Any CPU.Build.0 = Release|Any CPU
		{33CAB640-0D03-43DF-81BD-22CDC6C0A597}.Release|Mixed Platforms.ActiveCfg = Release|Any CPU
		{33CAB640-0D03-43DF-81BD-22CDC6C0A597}.Release|Mixed Platforms.Build.0 = Release|Any CPU
		{33CAB640-0D03-43DF-81BD-22CDC6C0A597}.Release|x86.ActiveCfg = Release|Any CPU
		{33CAB640-0D03-43DF-81BD-22CDC6C0A597}.Release|x86.Build.0 = Release|Any CPU
		{A6A31B03-7C3D-4DE6-AA73-BE88116BC40A}.Debug|Any CPU.ActiveCfg = Debug|Any CPU
		{A6A31B03-7C3D-4DE6-AA73-BE88116BC40A}.Debug|Any CPU.Build.0 = Debug|Any CPU
		{A6A31B03-7C3D-4DE6-AA73-BE88116BC40A}.Debug|Mixed Platforms.ActiveCfg = Debug|Any CPU
		{A6A31B03-7C3D-4DE6-AA73-BE88116BC40A}.Debug|Mixed Platforms.Build.0 = Debug|Any CPU
		{A6A31B03-7C3D-4DE6-AA73-BE88116BC40A}.Debug|x86.ActiveCfg = Debug|Any CPU
		{A6A31B03-7C3D-4DE6-AA73-BE88116BC40A}.Debug|x86.Build.0 = Debug|Any CPU
		{A6A31B03-7C3D-4DE6-AA73-BE88116BC40A}.NightlyDebug|Any CPU.ActiveCfg = Debug|Any CPU
		{A6A31B03-7C3D-4DE6-AA73-BE88116BC40A}.NightlyDebug|Any CPU.Build.0 = Debug|Any CPU
		{A6A31B03-7C3D-4DE6-AA73-BE88116BC40A}.NightlyDebug|Mixed Platforms.ActiveCfg = Debug|Any CPU
		{A6A31B03-7C3D-4DE6-AA73-BE88116BC40A}.NightlyDebug|Mixed Platforms.Build.0 = Debug|Any CPU
		{A6A31B03-7C3D-4DE6-AA73-BE88116BC40A}.NightlyDebug|x86.ActiveCfg = Debug|Any CPU
		{A6A31B03-7C3D-4DE6-AA73-BE88116BC40A}.NightlyDebug|x86.Build.0 = Debug|Any CPU
		{A6A31B03-7C3D-4DE6-AA73-BE88116BC40A}.NightlyRelease|Any CPU.ActiveCfg = Release|Any CPU
		{A6A31B03-7C3D-4DE6-AA73-BE88116BC40A}.NightlyRelease|Any CPU.Build.0 = Release|Any CPU
		{A6A31B03-7C3D-4DE6-AA73-BE88116BC40A}.NightlyRelease|Mixed Platforms.ActiveCfg = Release|Any CPU
		{A6A31B03-7C3D-4DE6-AA73-BE88116BC40A}.NightlyRelease|Mixed Platforms.Build.0 = Release|Any CPU
		{A6A31B03-7C3D-4DE6-AA73-BE88116BC40A}.NightlyRelease|x86.ActiveCfg = Release|Any CPU
		{A6A31B03-7C3D-4DE6-AA73-BE88116BC40A}.NightlyRelease|x86.Build.0 = Release|Any CPU
		{A6A31B03-7C3D-4DE6-AA73-BE88116BC40A}.Release|Any CPU.ActiveCfg = Release|Any CPU
		{A6A31B03-7C3D-4DE6-AA73-BE88116BC40A}.Release|Any CPU.Build.0 = Release|Any CPU
		{A6A31B03-7C3D-4DE6-AA73-BE88116BC40A}.Release|Mixed Platforms.ActiveCfg = Release|Any CPU
		{A6A31B03-7C3D-4DE6-AA73-BE88116BC40A}.Release|Mixed Platforms.Build.0 = Release|Any CPU
		{A6A31B03-7C3D-4DE6-AA73-BE88116BC40A}.Release|x86.ActiveCfg = Release|Any CPU
		{A6A31B03-7C3D-4DE6-AA73-BE88116BC40A}.Release|x86.Build.0 = Release|Any CPU
		{34B9A0CE-DF18-4CBC-8F7A-90C2B74338D5}.Debug|Any CPU.ActiveCfg = Debug|Any CPU
		{34B9A0CE-DF18-4CBC-8F7A-90C2B74338D5}.Debug|Any CPU.Build.0 = Debug|Any CPU
		{34B9A0CE-DF18-4CBC-8F7A-90C2B74338D5}.Debug|Mixed Platforms.ActiveCfg = Debug|Any CPU
		{34B9A0CE-DF18-4CBC-8F7A-90C2B74338D5}.Debug|Mixed Platforms.Build.0 = Debug|Any CPU
		{34B9A0CE-DF18-4CBC-8F7A-90C2B74338D5}.Debug|x86.ActiveCfg = Debug|Any CPU
		{34B9A0CE-DF18-4CBC-8F7A-90C2B74338D5}.Debug|x86.Build.0 = Debug|Any CPU
		{34B9A0CE-DF18-4CBC-8F7A-90C2B74338D5}.NightlyDebug|Any CPU.ActiveCfg = NightlyDebug|Any CPU
		{34B9A0CE-DF18-4CBC-8F7A-90C2B74338D5}.NightlyDebug|Any CPU.Build.0 = NightlyDebug|Any CPU
		{34B9A0CE-DF18-4CBC-8F7A-90C2B74338D5}.NightlyDebug|Mixed Platforms.ActiveCfg = NightlyDebug|Any CPU
		{34B9A0CE-DF18-4CBC-8F7A-90C2B74338D5}.NightlyDebug|Mixed Platforms.Build.0 = NightlyDebug|Any CPU
		{34B9A0CE-DF18-4CBC-8F7A-90C2B74338D5}.NightlyDebug|x86.ActiveCfg = NightlyDebug|Any CPU
		{34B9A0CE-DF18-4CBC-8F7A-90C2B74338D5}.NightlyDebug|x86.Build.0 = NightlyDebug|Any CPU
		{34B9A0CE-DF18-4CBC-8F7A-90C2B74338D5}.NightlyRelease|Any CPU.ActiveCfg = NightlyRelease|Any CPU
		{34B9A0CE-DF18-4CBC-8F7A-90C2B74338D5}.NightlyRelease|Any CPU.Build.0 = NightlyRelease|Any CPU
		{34B9A0CE-DF18-4CBC-8F7A-90C2B74338D5}.NightlyRelease|Mixed Platforms.ActiveCfg = NightlyRelease|Any CPU
		{34B9A0CE-DF18-4CBC-8F7A-90C2B74338D5}.NightlyRelease|Mixed Platforms.Build.0 = NightlyRelease|Any CPU
		{34B9A0CE-DF18-4CBC-8F7A-90C2B74338D5}.NightlyRelease|x86.ActiveCfg = NightlyRelease|Any CPU
		{34B9A0CE-DF18-4CBC-8F7A-90C2B74338D5}.NightlyRelease|x86.Build.0 = NightlyRelease|Any CPU
		{34B9A0CE-DF18-4CBC-8F7A-90C2B74338D5}.Release|Any CPU.ActiveCfg = Release|Any CPU
		{34B9A0CE-DF18-4CBC-8F7A-90C2B74338D5}.Release|Any CPU.Build.0 = Release|Any CPU
		{34B9A0CE-DF18-4CBC-8F7A-90C2B74338D5}.Release|Mixed Platforms.ActiveCfg = Release|Any CPU
		{34B9A0CE-DF18-4CBC-8F7A-90C2B74338D5}.Release|Mixed Platforms.Build.0 = Release|Any CPU
		{34B9A0CE-DF18-4CBC-8F7A-90C2B74338D5}.Release|x86.ActiveCfg = Release|Any CPU
		{34B9A0CE-DF18-4CBC-8F7A-90C2B74338D5}.Release|x86.Build.0 = Release|Any CPU
		{4B0054FD-124A-4037-9965-BDB55E6BF389}.Debug|Any CPU.ActiveCfg = Debug|Any CPU
		{4B0054FD-124A-4037-9965-BDB55E6BF389}.Debug|Any CPU.Build.0 = Debug|Any CPU
		{4B0054FD-124A-4037-9965-BDB55E6BF389}.Debug|Mixed Platforms.ActiveCfg = Debug|Any CPU
		{4B0054FD-124A-4037-9965-BDB55E6BF389}.Debug|Mixed Platforms.Build.0 = Debug|Any CPU
		{4B0054FD-124A-4037-9965-BDB55E6BF389}.Debug|x86.ActiveCfg = Debug|Any CPU
		{4B0054FD-124A-4037-9965-BDB55E6BF389}.Debug|x86.Build.0 = Debug|Any CPU
		{4B0054FD-124A-4037-9965-BDB55E6BF389}.NightlyDebug|Any CPU.ActiveCfg = Debug|Any CPU
		{4B0054FD-124A-4037-9965-BDB55E6BF389}.NightlyDebug|Any CPU.Build.0 = Debug|Any CPU
		{4B0054FD-124A-4037-9965-BDB55E6BF389}.NightlyDebug|Mixed Platforms.ActiveCfg = Debug|Any CPU
		{4B0054FD-124A-4037-9965-BDB55E6BF389}.NightlyDebug|Mixed Platforms.Build.0 = Debug|Any CPU
		{4B0054FD-124A-4037-9965-BDB55E6BF389}.NightlyDebug|x86.ActiveCfg = Debug|Any CPU
		{4B0054FD-124A-4037-9965-BDB55E6BF389}.NightlyDebug|x86.Build.0 = Debug|Any CPU
		{4B0054FD-124A-4037-9965-BDB55E6BF389}.NightlyRelease|Any CPU.ActiveCfg = Release|Any CPU
		{4B0054FD-124A-4037-9965-BDB55E6BF389}.NightlyRelease|Any CPU.Build.0 = Release|Any CPU
		{4B0054FD-124A-4037-9965-BDB55E6BF389}.NightlyRelease|Mixed Platforms.ActiveCfg = Release|Any CPU
		{4B0054FD-124A-4037-9965-BDB55E6BF389}.NightlyRelease|Mixed Platforms.Build.0 = Release|Any CPU
		{4B0054FD-124A-4037-9965-BDB55E6BF389}.NightlyRelease|x86.ActiveCfg = Release|Any CPU
		{4B0054FD-124A-4037-9965-BDB55E6BF389}.NightlyRelease|x86.Build.0 = Release|Any CPU
		{4B0054FD-124A-4037-9965-BDB55E6BF389}.Release|Any CPU.ActiveCfg = Release|Any CPU
		{4B0054FD-124A-4037-9965-BDB55E6BF389}.Release|Any CPU.Build.0 = Release|Any CPU
		{4B0054FD-124A-4037-9965-BDB55E6BF389}.Release|Mixed Platforms.ActiveCfg = Release|Any CPU
		{4B0054FD-124A-4037-9965-BDB55E6BF389}.Release|Mixed Platforms.Build.0 = Release|Any CPU
		{4B0054FD-124A-4037-9965-BDB55E6BF389}.Release|x86.ActiveCfg = Release|Any CPU
		{4B0054FD-124A-4037-9965-BDB55E6BF389}.Release|x86.Build.0 = Release|Any CPU
	EndGlobalSection
	GlobalSection(SolutionProperties) = preSolution
		HideSolutionNode = FALSE
	EndGlobalSection
	GlobalSection(NestedProjects) = preSolution
		{4A34A3C5-6176-49D7-A4C5-B2B671247F8F} = {28D56DC3-7AEA-477F-BC46-3BA3E4C241E6}
		{33CAB640-0D03-43DF-81BD-22CDC6C0A597} = {28D56DC3-7AEA-477F-BC46-3BA3E4C241E6}
		{A6A31B03-7C3D-4DE6-AA73-BE88116BC40A} = {28D56DC3-7AEA-477F-BC46-3BA3E4C241E6}
		{34B9A0CE-DF18-4CBC-8F7A-90C2B74338D5} = {28D56DC3-7AEA-477F-BC46-3BA3E4C241E6}
		{4B0054FD-124A-4037-9965-BDB55E6BF389} = {28D56DC3-7AEA-477F-BC46-3BA3E4C241E6}
	EndGlobalSection
	GlobalSection(ExtensibilityGlobals) = postSolution
		SolutionGuid = {1B8CC4D7-0928-491E-9905-F56CF6A1B2AD}
	EndGlobalSection
EndGlobal
