
Microsoft Visual Studio Solution File, Format Version 12.00
# Visual Studio Version 16
VisualStudioVersion = 16.0.29409.12
MinimumVisualStudioVersion = 10.0.40219.1
Project("{2150E333-8FDC-42A3-9474-1A3956D46DE8}") = "Examples", "Examples", "{D9D57446-4BC8-4BDD-91D6-88DACA303536}"
EndProject
Project("{2150E333-8FDC-42A3-9474-1A3956D46DE8}") = "CodeLoaders", "CodeLoaders", "{73906DC1-ABBF-4E45-B88D-46E25C9BC4AF}"
EndProject
Project("{FAE04EC0-301F-11D3-BF4B-00C04F79EFBC}") = "Console", "Examples\Console\Console.csproj", "{C836D6AD-2A48-4FFF-A958-023C48A65478}"
EndProject
Project("{FAE04EC0-301F-11D3-BF4B-00C04F79EFBC}") = "LibToAnalyze", "Examples\LibToAnalyze\LibToAnalyze.csproj", "{A7EFFB71-0EE7-413C-85C8-5C74C8D4CDB0}"
EndProject
Project("{9A19103F-16F7-4668-BE54-9A1E7A4F7556}") = "Tac2Sil", "Tac2Sil\Tac2Sil.csproj", "{4BA57CF9-15B2-4D95-B300-38758F9966DF}"
EndProject
Project("{FAE04EC0-301F-11D3-BF4B-00C04F79EFBC}") = "Tests", "Tests\Tests.csproj", "{7ECA5AF1-24EB-4D97-B984-CC5772B755F4}"
EndProject
Project("{9A19103F-16F7-4668-BE54-9A1E7A4F7556}") = "Model", "Model\Model.csproj", "{2A0ACF9C-5A9F-47EC-823B-DD837F1F6A18}"
EndProject
Project("{9A19103F-16F7-4668-BE54-9A1E7A4F7556}") = "TacAnalyses", "TacAnalyses\TacAnalyses.csproj", "{46FCF487-FBB4-4FC8-B940-6990B3E4D6B8}"
EndProject
Project("{2150E333-8FDC-42A3-9474-1A3956D46DE8}") = "CodeGenerators", "CodeGenerators", "{75DD3061-FE5E-4EE5-AD76-DB3F1C7EF02A}"
EndProject
Project("{FAE04EC0-301F-11D3-BF4B-00C04F79EFBC}") = "CciCodeLoader", "CodeLoaders\CCIProvider\CciCodeLoader.csproj", "{D19D0C62-FB8C-427D-B6A4-8433EF3DB6A5}"
EndProject
Project("{9A19103F-16F7-4668-BE54-9A1E7A4F7556}") = "CecilCodeLoader", "CodeLoaders\CecilProvider\CecilCodeLoader.csproj", "{30915DE9-C44C-40F1-9C50-BD6150AE4393}"
EndProject
Project("{FAE04EC0-301F-11D3-BF4B-00C04F79EFBC}") = "MetadataCodeLoader", "CodeLoaders\MetadataProvider\MetadataCodeLoader.csproj", "{7D94DAAC-E703-430D-BCEB-D10E4C565FF8}"
EndProject
Project("{9A19103F-16F7-4668-BE54-9A1E7A4F7556}") = "CecilCodeGenerator", "CecilCodeGenerator\CecilCodeGenerator.csproj", "{33457DB2-D55D-45FF-8C18-F4DA864A813D}"
EndProject
Global
	GlobalSection(SolutionConfigurationPlatforms) = preSolution
		Debug|Any CPU = Debug|Any CPU
		Debug|Mixed Platforms = Debug|Mixed Platforms
		Debug|x86 = Debug|x86
		Release|Any CPU = Release|Any CPU
		Release|Mixed Platforms = Release|Mixed Platforms
		Release|x86 = Release|x86
	EndGlobalSection
	GlobalSection(ProjectConfigurationPlatforms) = postSolution
		{C836D6AD-2A48-4FFF-A958-023C48A65478}.Debug|Any CPU.ActiveCfg = Debug|Any CPU
		{C836D6AD-2A48-4FFF-A958-023C48A65478}.Debug|Any CPU.Build.0 = Debug|Any CPU
		{C836D6AD-2A48-4FFF-A958-023C48A65478}.Debug|Mixed Platforms.ActiveCfg = Debug|Any CPU
		{C836D6AD-2A48-4FFF-A958-023C48A65478}.Debug|Mixed Platforms.Build.0 = Debug|Any CPU
		{C836D6AD-2A48-4FFF-A958-023C48A65478}.Debug|x86.ActiveCfg = Debug|Any CPU
		{C836D6AD-2A48-4FFF-A958-023C48A65478}.Debug|x86.Build.0 = Debug|Any CPU
		{C836D6AD-2A48-4FFF-A958-023C48A65478}.Release|Any CPU.ActiveCfg = Release|Any CPU
		{C836D6AD-2A48-4FFF-A958-023C48A65478}.Release|Any CPU.Build.0 = Release|Any CPU
		{C836D6AD-2A48-4FFF-A958-023C48A65478}.Release|Mixed Platforms.ActiveCfg = Release|Any CPU
		{C836D6AD-2A48-4FFF-A958-023C48A65478}.Release|Mixed Platforms.Build.0 = Release|Any CPU
		{C836D6AD-2A48-4FFF-A958-023C48A65478}.Release|x86.ActiveCfg = Release|Any CPU
		{C836D6AD-2A48-4FFF-A958-023C48A65478}.Release|x86.Build.0 = Release|Any CPU
		{A7EFFB71-0EE7-413C-85C8-5C74C8D4CDB0}.Debug|Any CPU.ActiveCfg = Debug|Any CPU
		{A7EFFB71-0EE7-413C-85C8-5C74C8D4CDB0}.Debug|Any CPU.Build.0 = Debug|Any CPU
		{A7EFFB71-0EE7-413C-85C8-5C74C8D4CDB0}.Debug|Mixed Platforms.ActiveCfg = Debug|Any CPU
		{A7EFFB71-0EE7-413C-85C8-5C74C8D4CDB0}.Debug|Mixed Platforms.Build.0 = Debug|Any CPU
		{A7EFFB71-0EE7-413C-85C8-5C74C8D4CDB0}.Debug|x86.ActiveCfg = Debug|Any CPU
		{A7EFFB71-0EE7-413C-85C8-5C74C8D4CDB0}.Debug|x86.Build.0 = Debug|Any CPU
		{A7EFFB71-0EE7-413C-85C8-5C74C8D4CDB0}.Release|Any CPU.ActiveCfg = Release|Any CPU
		{A7EFFB71-0EE7-413C-85C8-5C74C8D4CDB0}.Release|Any CPU.Build.0 = Release|Any CPU
		{A7EFFB71-0EE7-413C-85C8-5C74C8D4CDB0}.Release|Mixed Platforms.ActiveCfg = Release|Any CPU
		{A7EFFB71-0EE7-413C-85C8-5C74C8D4CDB0}.Release|Mixed Platforms.Build.0 = Release|Any CPU
		{A7EFFB71-0EE7-413C-85C8-5C74C8D4CDB0}.Release|x86.ActiveCfg = Release|Any CPU
		{A7EFFB71-0EE7-413C-85C8-5C74C8D4CDB0}.Release|x86.Build.0 = Release|Any CPU
		{4BA57CF9-15B2-4D95-B300-38758F9966DF}.Debug|Any CPU.ActiveCfg = Debug|Any CPU
		{4BA57CF9-15B2-4D95-B300-38758F9966DF}.Debug|Any CPU.Build.0 = Debug|Any CPU
		{4BA57CF9-15B2-4D95-B300-38758F9966DF}.Debug|Mixed Platforms.ActiveCfg = Debug|Any CPU
		{4BA57CF9-15B2-4D95-B300-38758F9966DF}.Debug|Mixed Platforms.Build.0 = Debug|Any CPU
		{4BA57CF9-15B2-4D95-B300-38758F9966DF}.Debug|x86.ActiveCfg = Debug|Any CPU
		{4BA57CF9-15B2-4D95-B300-38758F9966DF}.Debug|x86.Build.0 = Debug|Any CPU
		{4BA57CF9-15B2-4D95-B300-38758F9966DF}.Release|Any CPU.ActiveCfg = Release|Any CPU
		{4BA57CF9-15B2-4D95-B300-38758F9966DF}.Release|Any CPU.Build.0 = Release|Any CPU
		{4BA57CF9-15B2-4D95-B300-38758F9966DF}.Release|Mixed Platforms.ActiveCfg = Release|Any CPU
		{4BA57CF9-15B2-4D95-B300-38758F9966DF}.Release|Mixed Platforms.Build.0 = Release|Any CPU
		{4BA57CF9-15B2-4D95-B300-38758F9966DF}.Release|x86.ActiveCfg = Release|Any CPU
		{4BA57CF9-15B2-4D95-B300-38758F9966DF}.Release|x86.Build.0 = Release|Any CPU
		{7ECA5AF1-24EB-4D97-B984-CC5772B755F4}.Debug|Any CPU.ActiveCfg = Debug|Any CPU
		{7ECA5AF1-24EB-4D97-B984-CC5772B755F4}.Debug|Any CPU.Build.0 = Debug|Any CPU
		{7ECA5AF1-24EB-4D97-B984-CC5772B755F4}.Debug|Mixed Platforms.ActiveCfg = Debug|Any CPU
		{7ECA5AF1-24EB-4D97-B984-CC5772B755F4}.Debug|Mixed Platforms.Build.0 = Debug|Any CPU
		{7ECA5AF1-24EB-4D97-B984-CC5772B755F4}.Debug|x86.ActiveCfg = Debug|Any CPU
		{7ECA5AF1-24EB-4D97-B984-CC5772B755F4}.Debug|x86.Build.0 = Debug|Any CPU
		{7ECA5AF1-24EB-4D97-B984-CC5772B755F4}.Release|Any CPU.ActiveCfg = Release|Any CPU
		{7ECA5AF1-24EB-4D97-B984-CC5772B755F4}.Release|Any CPU.Build.0 = Release|Any CPU
		{7ECA5AF1-24EB-4D97-B984-CC5772B755F4}.Release|Mixed Platforms.ActiveCfg = Release|Any CPU
		{7ECA5AF1-24EB-4D97-B984-CC5772B755F4}.Release|Mixed Platforms.Build.0 = Release|Any CPU
		{7ECA5AF1-24EB-4D97-B984-CC5772B755F4}.Release|x86.ActiveCfg = Release|Any CPU
		{7ECA5AF1-24EB-4D97-B984-CC5772B755F4}.Release|x86.Build.0 = Release|Any CPU
		{2A0ACF9C-5A9F-47EC-823B-DD837F1F6A18}.Debug|Any CPU.ActiveCfg = Debug|Any CPU
		{2A0ACF9C-5A9F-47EC-823B-DD837F1F6A18}.Debug|Any CPU.Build.0 = Debug|Any CPU
		{2A0ACF9C-5A9F-47EC-823B-DD837F1F6A18}.Debug|Mixed Platforms.ActiveCfg = Debug|Any CPU
		{2A0ACF9C-5A9F-47EC-823B-DD837F1F6A18}.Debug|Mixed Platforms.Build.0 = Debug|Any CPU
		{2A0ACF9C-5A9F-47EC-823B-DD837F1F6A18}.Debug|x86.ActiveCfg = Debug|Any CPU
		{2A0ACF9C-5A9F-47EC-823B-DD837F1F6A18}.Debug|x86.Build.0 = Debug|Any CPU
		{2A0ACF9C-5A9F-47EC-823B-DD837F1F6A18}.Release|Any CPU.ActiveCfg = Release|Any CPU
		{2A0ACF9C-5A9F-47EC-823B-DD837F1F6A18}.Release|Any CPU.Build.0 = Release|Any CPU
		{2A0ACF9C-5A9F-47EC-823B-DD837F1F6A18}.Release|Mixed Platforms.ActiveCfg = Release|Any CPU
		{2A0ACF9C-5A9F-47EC-823B-DD837F1F6A18}.Release|Mixed Platforms.Build.0 = Release|Any CPU
		{2A0ACF9C-5A9F-47EC-823B-DD837F1F6A18}.Release|x86.ActiveCfg = Release|Any CPU
		{2A0ACF9C-5A9F-47EC-823B-DD837F1F6A18}.Release|x86.Build.0 = Release|Any CPU
		{46FCF487-FBB4-4FC8-B940-6990B3E4D6B8}.Debug|Any CPU.ActiveCfg = Debug|Any CPU
		{46FCF487-FBB4-4FC8-B940-6990B3E4D6B8}.Debug|Any CPU.Build.0 = Debug|Any CPU
		{46FCF487-FBB4-4FC8-B940-6990B3E4D6B8}.Debug|Mixed Platforms.ActiveCfg = Debug|Any CPU
		{46FCF487-FBB4-4FC8-B940-6990B3E4D6B8}.Debug|Mixed Platforms.Build.0 = Debug|Any CPU
		{46FCF487-FBB4-4FC8-B940-6990B3E4D6B8}.Debug|x86.ActiveCfg = Debug|Any CPU
		{46FCF487-FBB4-4FC8-B940-6990B3E4D6B8}.Debug|x86.Build.0 = Debug|Any CPU
		{46FCF487-FBB4-4FC8-B940-6990B3E4D6B8}.Release|Any CPU.ActiveCfg = Release|Any CPU
		{46FCF487-FBB4-4FC8-B940-6990B3E4D6B8}.Release|Any CPU.Build.0 = Release|Any CPU
		{46FCF487-FBB4-4FC8-B940-6990B3E4D6B8}.Release|Mixed Platforms.ActiveCfg = Release|Any CPU
		{46FCF487-FBB4-4FC8-B940-6990B3E4D6B8}.Release|Mixed Platforms.Build.0 = Release|Any CPU
		{46FCF487-FBB4-4FC8-B940-6990B3E4D6B8}.Release|x86.ActiveCfg = Release|Any CPU
		{46FCF487-FBB4-4FC8-B940-6990B3E4D6B8}.Release|x86.Build.0 = Release|Any CPU
		{D19D0C62-FB8C-427D-B6A4-8433EF3DB6A5}.Debug|Any CPU.ActiveCfg = Debug|Any CPU
		{D19D0C62-FB8C-427D-B6A4-8433EF3DB6A5}.Debug|Any CPU.Build.0 = Debug|Any CPU
		{D19D0C62-FB8C-427D-B6A4-8433EF3DB6A5}.Debug|Mixed Platforms.ActiveCfg = Debug|Any CPU
		{D19D0C62-FB8C-427D-B6A4-8433EF3DB6A5}.Debug|Mixed Platforms.Build.0 = Debug|Any CPU
		{D19D0C62-FB8C-427D-B6A4-8433EF3DB6A5}.Debug|x86.ActiveCfg = Debug|Any CPU
		{D19D0C62-FB8C-427D-B6A4-8433EF3DB6A5}.Debug|x86.Build.0 = Debug|Any CPU
		{D19D0C62-FB8C-427D-B6A4-8433EF3DB6A5}.Release|Any CPU.ActiveCfg = Release|Any CPU
		{D19D0C62-FB8C-427D-B6A4-8433EF3DB6A5}.Release|Any CPU.Build.0 = Release|Any CPU
		{D19D0C62-FB8C-427D-B6A4-8433EF3DB6A5}.Release|Mixed Platforms.ActiveCfg = Release|Any CPU
		{D19D0C62-FB8C-427D-B6A4-8433EF3DB6A5}.Release|Mixed Platforms.Build.0 = Release|Any CPU
		{D19D0C62-FB8C-427D-B6A4-8433EF3DB6A5}.Release|x86.ActiveCfg = Release|Any CPU
		{D19D0C62-FB8C-427D-B6A4-8433EF3DB6A5}.Release|x86.Build.0 = Release|Any CPU
		{30915DE9-C44C-40F1-9C50-BD6150AE4393}.Debug|Any CPU.ActiveCfg = Debug|Any CPU
		{30915DE9-C44C-40F1-9C50-BD6150AE4393}.Debug|Any CPU.Build.0 = Debug|Any CPU
		{30915DE9-C44C-40F1-9C50-BD6150AE4393}.Debug|Mixed Platforms.ActiveCfg = Debug|Any CPU
		{30915DE9-C44C-40F1-9C50-BD6150AE4393}.Debug|Mixed Platforms.Build.0 = Debug|Any CPU
		{30915DE9-C44C-40F1-9C50-BD6150AE4393}.Debug|x86.ActiveCfg = Debug|Any CPU
		{30915DE9-C44C-40F1-9C50-BD6150AE4393}.Debug|x86.Build.0 = Debug|Any CPU
		{30915DE9-C44C-40F1-9C50-BD6150AE4393}.Release|Any CPU.ActiveCfg = Release|Any CPU
		{30915DE9-C44C-40F1-9C50-BD6150AE4393}.Release|Any CPU.Build.0 = Release|Any CPU
		{30915DE9-C44C-40F1-9C50-BD6150AE4393}.Release|Mixed Platforms.ActiveCfg = Release|Any CPU
		{30915DE9-C44C-40F1-9C50-BD6150AE4393}.Release|Mixed Platforms.Build.0 = Release|Any CPU
		{30915DE9-C44C-40F1-9C50-BD6150AE4393}.Release|x86.ActiveCfg = Release|Any CPU
		{30915DE9-C44C-40F1-9C50-BD6150AE4393}.Release|x86.Build.0 = Release|Any CPU
		{7D94DAAC-E703-430D-BCEB-D10E4C565FF8}.Debug|Any CPU.ActiveCfg = Debug|Any CPU
		{7D94DAAC-E703-430D-BCEB-D10E4C565FF8}.Debug|Any CPU.Build.0 = Debug|Any CPU
		{7D94DAAC-E703-430D-BCEB-D10E4C565FF8}.Debug|Mixed Platforms.ActiveCfg = Debug|Any CPU
		{7D94DAAC-E703-430D-BCEB-D10E4C565FF8}.Debug|Mixed Platforms.Build.0 = Debug|Any CPU
		{7D94DAAC-E703-430D-BCEB-D10E4C565FF8}.Debug|x86.ActiveCfg = Debug|Any CPU
		{7D94DAAC-E703-430D-BCEB-D10E4C565FF8}.Debug|x86.Build.0 = Debug|Any CPU
		{7D94DAAC-E703-430D-BCEB-D10E4C565FF8}.Release|Any CPU.ActiveCfg = Release|Any CPU
		{7D94DAAC-E703-430D-BCEB-D10E4C565FF8}.Release|Any CPU.Build.0 = Release|Any CPU
		{7D94DAAC-E703-430D-BCEB-D10E4C565FF8}.Release|Mixed Platforms.ActiveCfg = Release|Any CPU
		{7D94DAAC-E703-430D-BCEB-D10E4C565FF8}.Release|Mixed Platforms.Build.0 = Release|Any CPU
		{7D94DAAC-E703-430D-BCEB-D10E4C565FF8}.Release|x86.ActiveCfg = Release|Any CPU
		{7D94DAAC-E703-430D-BCEB-D10E4C565FF8}.Release|x86.Build.0 = Release|Any CPU
		{33457DB2-D55D-45FF-8C18-F4DA864A813D}.Debug|Any CPU.ActiveCfg = Debug|Any CPU
		{33457DB2-D55D-45FF-8C18-F4DA864A813D}.Debug|Any CPU.Build.0 = Debug|Any CPU
		{33457DB2-D55D-45FF-8C18-F4DA864A813D}.Debug|Mixed Platforms.ActiveCfg = Debug|Any CPU
		{33457DB2-D55D-45FF-8C18-F4DA864A813D}.Debug|Mixed Platforms.Build.0 = Debug|Any CPU
		{33457DB2-D55D-45FF-8C18-F4DA864A813D}.Debug|x86.ActiveCfg = Debug|Any CPU
		{33457DB2-D55D-45FF-8C18-F4DA864A813D}.Debug|x86.Build.0 = Debug|Any CPU
		{33457DB2-D55D-45FF-8C18-F4DA864A813D}.Release|Any CPU.ActiveCfg = Release|Any CPU
		{33457DB2-D55D-45FF-8C18-F4DA864A813D}.Release|Any CPU.Build.0 = Release|Any CPU
		{33457DB2-D55D-45FF-8C18-F4DA864A813D}.Release|Mixed Platforms.ActiveCfg = Release|Any CPU
		{33457DB2-D55D-45FF-8C18-F4DA864A813D}.Release|Mixed Platforms.Build.0 = Release|Any CPU
		{33457DB2-D55D-45FF-8C18-F4DA864A813D}.Release|x86.ActiveCfg = Release|Any CPU
		{33457DB2-D55D-45FF-8C18-F4DA864A813D}.Release|x86.Build.0 = Release|Any CPU
	EndGlobalSection
	GlobalSection(SolutionProperties) = preSolution
		HideSolutionNode = FALSE
	EndGlobalSection
	GlobalSection(NestedProjects) = preSolution
		{C836D6AD-2A48-4FFF-A958-023C48A65478} = {D9D57446-4BC8-4BDD-91D6-88DACA303536}
		{A7EFFB71-0EE7-413C-85C8-5C74C8D4CDB0} = {D9D57446-4BC8-4BDD-91D6-88DACA303536}
		{D19D0C62-FB8C-427D-B6A4-8433EF3DB6A5} = {73906DC1-ABBF-4E45-B88D-46E25C9BC4AF}
		{30915DE9-C44C-40F1-9C50-BD6150AE4393} = {73906DC1-ABBF-4E45-B88D-46E25C9BC4AF}
		{7D94DAAC-E703-430D-BCEB-D10E4C565FF8} = {73906DC1-ABBF-4E45-B88D-46E25C9BC4AF}
		{33457DB2-D55D-45FF-8C18-F4DA864A813D} = {75DD3061-FE5E-4EE5-AD76-DB3F1C7EF02A}
	EndGlobalSection
	GlobalSection(ExtensibilityGlobals) = postSolution
		SolutionGuid = {8D44E32B-6443-426E-9104-AE7782DDD017}
	EndGlobalSection
EndGlobal
